# This file is automatically @generated by Cargo.
# It is not intended for manual editing.
version = 3

[[package]]
name = "child"
version = "0.1.0"
source = "git+https://github.com/billy1624/test-cargo-patch.git#6ab4657d2cd4ab9c02680f4ac9cd1bcf1446fffd"
dependencies = [
 "parent",
]

[[package]]
name = "client"
version = "0.1.0"
dependencies = [
 "child",
 "parent",
]

[[package]]
name = "parent"
version = "0.1.0"
