# This file is automatically @generated by Cargo.
# It is not intended for manual editing.
version = 3

[[package]]
name = "child"
version = "0.1.0"
dependencies = [
 "parent",
]

[[package]]
name = "parent"
version = "0.1.0"
source = "git+https://github.com/billy1624/test-cargo-patch.git#a2f64e30661dcea46e7208aeef3512205019517e"
